
Microsoft Visual Studio Solution File, Format Version 12.00
# Visual Studio 2015
Project("{FAE04EC0-301F-11D3-BF4B-00C04F79EFBC}") = "Cliff Run.CSharp.Plugins", "Cliff Run.CSharp.Plugins.csproj", "{547EF615-C773-2DEB-5884-9B85670AF652}"
EndProject
Project("{FAE04EC0-301F-11D3-BF4B-00C04F79EFBC}") = "Cliff Run.CSharp", "Cliff Run.CSharp.csproj", "{4D3253AA-31FA-CBA7-B8CD-C46370CEC1BE}"
EndProject
Project("{FAE04EC0-301F-11D3-BF4B-00C04F79EFBC}") = "Cliff Run.CSharp.Editor.Plugins", "Cliff Run.CSharp.Editor.Plugins.csproj", "{A4B9BE71-7089-C01F-012E-646747C05500}"
EndProject
Global
	GlobalSection(SolutionConfigurationPlatforms) = preSolution
		Debug|Any CPU = Debug|Any CPU
		Release|Any CPU = Release|Any CPU
	EndGlobalSection
	GlobalSection(ProjectConfigurationPlatforms) = postSolution
		{547EF615-C773-2DEB-5884-9B85670AF652}.Debug|Any CPU.ActiveCfg = Debug|Any CPU
		{547EF615-C773-2DEB-5884-9B85670AF652}.Debug|Any CPU.Build.0 = Debug|Any CPU
		{547EF615-C773-2DEB-5884-9B85670AF652}.Release|Any CPU.ActiveCfg = Release|Any CPU
		{547EF615-C773-2DEB-5884-9B85670AF652}.Release|Any CPU.Build.0 = Release|Any CPU
		{4D3253AA-31FA-CBA7-B8CD-C46370CEC1BE}.Debug|Any CPU.ActiveCfg = Debug|Any CPU
		{4D3253AA-31FA-CBA7-B8CD-C46370CEC1BE}.Debug|Any CPU.Build.0 = Debug|Any CPU
		{4D3253AA-31FA-CBA7-B8CD-C46370CEC1BE}.Release|Any CPU.ActiveCfg = Release|Any CPU
		{4D3253AA-31FA-CBA7-B8CD-C46370CEC1BE}.Release|Any CPU.Build.0 = Release|Any CPU
		{A4B9BE71-7089-C01F-012E-646747C05500}.Debug|Any CPU.ActiveCfg = Debug|Any CPU
		{A4B9BE71-7089-C01F-012E-646747C05500}.Debug|Any CPU.Build.0 = Debug|Any CPU
		{A4B9BE71-7089-C01F-012E-646747C05500}.Release|Any CPU.ActiveCfg = Release|Any CPU
		{A4B9BE71-7089-C01F-012E-646747C05500}.Release|Any CPU.Build.0 = Release|Any CPU
	EndGlobalSection
	GlobalSection(SolutionProperties) = preSolution
		HideSolutionNode = FALSE
	EndGlobalSection
EndGlobal
